
Microsoft Visual Studio Solution File, Format Version 12.00
# Visual Studio 15
VisualStudioVersion = 15.0.28010.2048
MinimumVisualStudioVersion = 10.0.40219.1
Project("{FAE04EC0-301F-11D3-BF4B-00C04F79EFBC}") = "1010_CalculoSimples", "1010_CalculoSimples\1010_CalculoSimples.csproj", "{EDBC5ABE-02A3-42E9-9BCB-D706A09C1751}"
EndProject
Global
	GlobalSection(SolutionConfigurationPlatforms) = preSolution
		Debug|Any CPU = Debug|Any CPU
		Release|Any CPU = Release|Any CPU
	EndGlobalSection
	GlobalSection(ProjectConfigurationPlatforms) = postSolution
		{EDBC5ABE-02A3-42E9-9BCB-D706A09C1751}.Debug|Any CPU.ActiveCfg = Debug|Any CPU
		{EDBC5ABE-02A3-42E9-9BCB-D706A09C1751}.Debug|Any CPU.Build.0 = Debug|Any CPU
		{EDBC5ABE-02A3-42E9-9BCB-D706A09C1751}.Release|Any CPU.ActiveCfg = Release|Any CPU
		{EDBC5ABE-02A3-42E9-9BCB-D706A09C1751}.Release|Any CPU.Build.0 = Release|Any CPU
	EndGlobalSection
	GlobalSection(SolutionProperties) = preSolution
		HideSolutionNode = FALSE
	EndGlobalSection
	GlobalSection(ExtensibilityGlobals) = postSolution
		SolutionGuid = {CD2121D4-9423-4E50-BD71-BD54BA42B7E6}
	EndGlobalSection
EndGlobal
