
Microsoft Visual Studio Solution File, Format Version 12.00
# Visual Studio 15
VisualStudioVersion = 15.0.28010.2048
MinimumVisualStudioVersion = 10.0.40219.1
Project("{FAE04EC0-301F-11D3-BF4B-00C04F79EFBC}") = "1008_Salario", "1008_Salario\1008_Salario.csproj", "{5139B3AF-02B2-4AC4-BFD7-1D05B4DE6D4D}"
EndProject
Global
	GlobalSection(SolutionConfigurationPlatforms) = preSolution
		Debug|Any CPU = Debug|Any CPU
		Release|Any CPU = Release|Any CPU
	EndGlobalSection
	GlobalSection(ProjectConfigurationPlatforms) = postSolution
		{5139B3AF-02B2-4AC4-BFD7-1D05B4DE6D4D}.Debug|Any CPU.ActiveCfg = Debug|Any CPU
		{5139B3AF-02B2-4AC4-BFD7-1D05B4DE6D4D}.Debug|Any CPU.Build.0 = Debug|Any CPU
		{5139B3AF-02B2-4AC4-BFD7-1D05B4DE6D4D}.Release|Any CPU.ActiveCfg = Release|Any CPU
		{5139B3AF-02B2-4AC4-BFD7-1D05B4DE6D4D}.Release|Any CPU.Build.0 = Release|Any CPU
	EndGlobalSection
	GlobalSection(SolutionProperties) = preSolution
		HideSolutionNode = FALSE
	EndGlobalSection
	GlobalSection(ExtensibilityGlobals) = postSolution
		SolutionGuid = {DCF70D4B-32DB-40AD-BC7F-826D05D7B14C}
	EndGlobalSection
EndGlobal
